
Microsoft Visual Studio Solution File, Format Version 12.00
# Visual Studio Version 17
VisualStudioVersion = 17.0.31710.8
MinimumVisualStudioVersion = 10.0.40219.1
Project("{9A19103F-16F7-4668-BE54-9A1E7A4F7556}") = "WinUI.Core", "WinUI.Core\WinUI.Core.csproj", "{8312D429-A595-4095-9F98-1F21513E6012}"
EndProject
Global
	GlobalSection(SolutionConfigurationPlatforms) = preSolution
		Debug|Any CPU = Debug|Any CPU
		Release|Any CPU = Release|Any CPU
	EndGlobalSection
	GlobalSection(ProjectConfigurationPlatforms) = postSolution
		{8312D429-A595-4095-9F98-1F21513E6012}.Debug|Any CPU.ActiveCfg = Debug|Any CPU
		{8312D429-A595-4095-9F98-1F21513E6012}.Debug|Any CPU.Build.0 = Debug|Any CPU
		{8312D429-A595-4095-9F98-1F21513E6012}.Release|Any CPU.ActiveCfg = Release|Any CPU
		{8312D429-A595-4095-9F98-1F21513E6012}.Release|Any CPU.Build.0 = Release|Any CPU
	EndGlobalSection
	GlobalSection(SolutionProperties) = preSolution
		HideSolutionNode = FALSE
	EndGlobalSection
	GlobalSection(ExtensibilityGlobals) = postSolution
		SolutionGuid = {18F63EBC-D707-48D8-8BE6-FEB2DDDED4FF}
	EndGlobalSection
EndGlobal
